<?xml version="1.0" encoding="utf-8"?>
<Project ToolsVersion="4.0" xmlns="http://schemas.microsoft.com/developer/msbuild/2003">
  <ItemGroup>
    <ClCompile Include="..\..\towers.cpp" />
    <ClCompile Include="..\..\deps\glad\src\glad.c">
      <Filter>Glad</Filter>
    </ClCompile>
    <ClCompile Include="..\..\deps\stb\stb_image.cpp">
      <Filter>Stb</Filter>
    </ClCompile>
    <ClCompile Include="..\..\gll_shader.cpp">
      <Filter>OpenGL Utilities</Filter>
    </ClCompile>
    <ClCompile Include="..\..\gll_program.cpp">
      <Filter>OpenGL Utilities</Filter>
    </ClCompile>
    <ClCompile Include="..\..\gll_texture.cpp">
      <Filter>OpenGL Utilities</Filter>
    </ClCompile>
    <ClCompile Include="..\..\input.cpp">
      <Filter>Ui</Filter>
    </ClCompile>
    <ClCompile Include="..\..\game3.cpp" />
    <ClCompile Include="..\..\png_texture.cpp">
      <Filter>Utilities</Filter>
    </ClCompile>
    <ClCompile Include="..\..\resources.cpp" />
    <ClCompile Include="..\..\textures.cpp" />
    <ClCompile Include="..\..\game2.cpp" />
    <ClCompile Include="..\..\gll_debug.cpp">
      <Filter>OpenGL Utilities</Filter>
    </ClCompile>
    <ClCompile Include="..\..\gll_binding.cpp">
      <Filter>OpenGL Utilities</Filter>
    </ClCompile>
    <ClCompile Include="..\..\camera_fps.cpp">
      <Filter>Rendering\3d</Filter>
    </ClCompile>
    <ClCompile Include="..\..\frustum3.cpp">
      <Filter>Rendering\3d</Filter>
    </ClCompile>
    <ClCompile Include="..\..\renderer3.cpp">
      <Filter>Rendering\3d</Filter>
    </ClCompile>
    <ClCompile Include="..\..\sprite_renderer.cpp">
      <Filter>Rendering\2d</Filter>
    </ClCompile>
    <ClCompile Include="..\..\renderer2.cpp">
      <Filter>Rendering\2d</Filter>
    </ClCompile>
    <ClCompile Include="..\..\main_window.cpp">
      <Filter>Ui</Filter>
    </ClCompile>
    <ClCompile Include="..\..\path.cpp" />
    <ClCompile Include="..\..\attacker.cpp" />
    <ClCompile Include="..\..\map_data.cpp" />
    <ClCompile Include="..\..\sprite_form.cpp">
      <Filter>Rendering\2d</Filter>
    </ClCompile>
    <ClCompile Include="..\..\gfl_lib.cpp">
      <Filter>Glfw Utilities</Filter>
    </ClCompile>
    <ClCompile Include="..\..\gfl_window.cpp">
      <Filter>Glfw Utilities</Filter>
    </ClCompile>
    <ClCompile Include="..\..\defender.cpp" />
    <ClCompile Include="..\..\animation.cpp">
      <Filter>Rendering\2d</Filter>
    </ClCompile>
    <ClCompile Include="..\..\animations.cpp" />
    <ClCompile Include="..\..\animation_factory.cpp" />
  </ItemGroup>
  <ItemGroup>
    <Filter Include="Glfw Utilities">
      <UniqueIdentifier>{afc1cc97-7a35-4d4b-8969-73c54d9bdb8a}</UniqueIdentifier>
    </Filter>
    <Filter Include="Glad">
      <UniqueIdentifier>{e3626774-826b-4350-8f5e-5eb4e04c0390}</UniqueIdentifier>
    </Filter>
    <Filter Include="Stb">
      <UniqueIdentifier>{f8e15c90-d18f-4198-ba76-a218b07f6323}</UniqueIdentifier>
    </Filter>
    <Filter Include="Rendering">
      <UniqueIdentifier>{4589b49b-6d2f-4cf1-bb21-0224ce69757b}</UniqueIdentifier>
    </Filter>
    <Filter Include="Ui">
      <UniqueIdentifier>{130ef901-d481-4ccf-836d-83d29dd1dd08}</UniqueIdentifier>
    </Filter>
    <Filter Include="Utilities">
      <UniqueIdentifier>{6be38c80-5e3f-4c4b-98b5-bef3f5c98975}</UniqueIdentifier>
    </Filter>
    <Filter Include="Rendering\3d">
      <UniqueIdentifier>{9b77bbb6-9618-4356-93dd-9e1df30e1f92}</UniqueIdentifier>
    </Filter>
    <Filter Include="Rendering\2d">
      <UniqueIdentifier>{90907dfb-daf6-4040-b3a8-0fd88a104460}</UniqueIdentifier>
    </Filter>
    <Filter Include="resources">
      <UniqueIdentifier>{f8e70f2e-2aea-47ec-a92d-745ddc8e374e}</UniqueIdentifier>
    </Filter>
    <Filter Include="OpenGL Utilities">
      <UniqueIdentifier>{83b7ab7a-7ef2-4e24-bee1-513529922f10}</UniqueIdentifier>
    </Filter>
  </ItemGroup>
  <ItemGroup>
    <ClInclude Include="..\..\deps\stb\stb_image.h">
      <Filter>Stb</Filter>
    </ClInclude>
    <ClInclude Include="..\..\gll_types.h">
      <Filter>OpenGL Utilities</Filter>
    </ClInclude>
    <ClInclude Include="..\..\gll_object.h">
      <Filter>OpenGL Utilities</Filter>
    </ClInclude>
    <ClInclude Include="..\..\gll_data_format.h">
      <Filter>OpenGL Utilities</Filter>
    </ClInclude>
    <ClInclude Include="..\..\gll_shader.h">
      <Filter>OpenGL Utilities</Filter>
    </ClInclude>
    <ClInclude Include="..\..\gll_program.h">
      <Filter>OpenGL Utilities</Filter>
    </ClInclude>
    <ClInclude Include="..\..\gll_uniform.h">
      <Filter>OpenGL Utilities</Filter>
    </ClInclude>
    <ClInclude Include="..\..\gll_texture.h">
      <Filter>OpenGL Utilities</Filter>
    </ClInclude>
    <ClInclude Include="..\..\lap_clock.h">
      <Filter>Utilities</Filter>
    </ClInclude>
    <ClInclude Include="..\..\observed.h">
      <Filter>Utilities</Filter>
    </ClInclude>
    <ClInclude Include="..\..\input.h">
      <Filter>Ui</Filter>
    </ClInclude>
    <ClInclude Include="..\..\input_controller.h">
      <Filter>Ui</Filter>
    </ClInclude>
    <ClInclude Include="..\..\game3.h" />
    <ClInclude Include="..\..\png_texture.h">
      <Filter>Utilities</Filter>
    </ClInclude>
    <ClInclude Include="..\..\resources.h" />
    <ClInclude Include="..\..\textures.h" />
    <ClInclude Include="..\..\game2.h" />
    <ClInclude Include="..\..\gll_debug.h">
      <Filter>OpenGL Utilities</Filter>
    </ClInclude>
    <ClInclude Include="..\..\gll_binding.h">
      <Filter>OpenGL Utilities</Filter>
    </ClInclude>
    <ClInclude Include="..\..\gll_vbo.h">
      <Filter>OpenGL Utilities</Filter>
    </ClInclude>
    <ClInclude Include="..\..\gll_vao.h">
      <Filter>OpenGL Utilities</Filter>
    </ClInclude>
    <ClInclude Include="..\..\camera_2d.h">
      <Filter>Rendering\2d</Filter>
    </ClInclude>
    <ClInclude Include="..\..\camera_fps.h">
      <Filter>Rendering\3d</Filter>
    </ClInclude>
    <ClInclude Include="..\..\frustum2.h">
      <Filter>Rendering\2d</Filter>
    </ClInclude>
    <ClInclude Include="..\..\frustum3.h">
      <Filter>Rendering\3d</Filter>
    </ClInclude>
    <ClInclude Include="..\..\renderer3.h">
      <Filter>Rendering\3d</Filter>
    </ClInclude>
    <ClInclude Include="..\..\sprite_renderer.h">
      <Filter>Rendering\2d</Filter>
    </ClInclude>
    <ClInclude Include="..\..\cube3_data.h">
      <Filter>Rendering\3d</Filter>
    </ClInclude>
    <ClInclude Include="..\..\renderer2.h">
      <Filter>Rendering\2d</Filter>
    </ClInclude>
    <ClInclude Include="..\..\sprite.h">
      <Filter>Rendering\2d</Filter>
    </ClInclude>
    <ClInclude Include="..\..\sprite_look.h">
      <Filter>Rendering\2d</Filter>
    </ClInclude>
    <ClInclude Include="..\..\sprite_form.h">
      <Filter>Rendering\2d</Filter>
    </ClInclude>
    <ClInclude Include="..\..\mesh2.h">
      <Filter>Rendering\2d</Filter>
    </ClInclude>
    <ClInclude Include="..\..\basic_types.h" />
    <ClInclude Include="..\..\main_window.h">
      <Filter>Ui</Filter>
    </ClInclude>
    <ClInclude Include="..\..\field.h" />
    <ClInclude Include="..\..\attacker.h" />
    <ClInclude Include="..\..\path.h" />
    <ClInclude Include="..\..\map.h" />
    <ClInclude Include="..\..\map_data.h" />
    <ClInclude Include="..\..\norm_coords.h" />
    <ClInclude Include="..\..\pixel_coords.h" />
    <ClInclude Include="..\..\coords.h" />
    <ClInclude Include="..\..\rect.h">
      <Filter>Utilities</Filter>
    </ClInclude>
    <ClInclude Include="..\..\int_coords.h" />
    <ClInclude Include="..\..\map_coord_sys.h" />
    <ClInclude Include="..\..\point2.h">
      <Filter>Utilities</Filter>
    </ClInclude>
    <ClInclude Include="..\..\gfl_types.h">
      <Filter>Glfw Utilities</Filter>
    </ClInclude>
    <ClInclude Include="..\..\gfl_lib.h">
      <Filter>Glfw Utilities</Filter>
    </ClInclude>
    <ClInclude Include="..\..\gfl_window.h">
      <Filter>Glfw Utilities</Filter>
    </ClInclude>
    <ClInclude Include="..\..\defender.h" />
    <ClInclude Include="..\..\animation.h">
      <Filter>Rendering\2d</Filter>
    </ClInclude>
    <ClInclude Include="..\..\animations.h" />
    <ClInclude Include="..\..\animation_factory.h" />
    <ClInclude Include="..\..\animation_tags.h" />
    <ClInclude Include="..\..\texture_tags.h" />
  </ItemGroup>
  <ItemGroup>
    <None Include="..\..\resources\map.json">
      <Filter>resources</Filter>
    </None>
    <None Include="..\..\shaders\cube3_shader.fs">
      <Filter>Rendering\3d</Filter>
    </None>
    <None Include="..\..\shaders\cube3_shader.vs">
      <Filter>Rendering\3d</Filter>
    </None>
    <None Include="..\..\shaders\sprite_shader.fs">
      <Filter>Rendering\2d</Filter>
    </None>
    <None Include="..\..\shaders\sprite_shader.vs">
      <Filter>Rendering\2d</Filter>
    </None>
  </ItemGroup>
</Project>