<?xml version="1.0" encoding="utf-8"?>
<Project ToolsVersion="4.0" xmlns="http://schemas.microsoft.com/developer/msbuild/2003">
  <ItemGroup>
    <ClCompile Include="..\..\towers.cpp" />
    <ClCompile Include="..\..\deps\glad\src\glad.c">
      <Filter>Glad</Filter>
    </ClCompile>
    <ClCompile Include="..\..\deps\stb\stb_image.cpp">
      <Filter>Stb</Filter>
    </ClCompile>
    <ClCompile Include="..\..\gll_buffer.cpp">
      <Filter>Gl Utilities</Filter>
    </ClCompile>
    <ClCompile Include="..\..\gll_shader.cpp">
      <Filter>Gl Utilities</Filter>
    </ClCompile>
    <ClCompile Include="..\..\gll_program.cpp">
      <Filter>Gl Utilities</Filter>
    </ClCompile>
    <ClCompile Include="..\..\gll_vertex_array.cpp">
      <Filter>Gl Utilities</Filter>
    </ClCompile>
    <ClCompile Include="..\..\glfwl_window.cpp">
      <Filter>Glfw Utilities</Filter>
    </ClCompile>
    <ClCompile Include="..\..\gll_texture.cpp">
      <Filter>Gl Utilities</Filter>
    </ClCompile>
    <ClCompile Include="..\..\glfwl_lib.cpp">
      <Filter>Glfw Utilities</Filter>
    </ClCompile>
    <ClCompile Include="..\..\camera_fps.cpp">
      <Filter>Rendering</Filter>
    </ClCompile>
    <ClCompile Include="..\..\app_window.cpp">
      <Filter>Ui</Filter>
    </ClCompile>
    <ClCompile Include="..\..\input.cpp">
      <Filter>Ui</Filter>
    </ClCompile>
    <ClCompile Include="..\..\frustum3.cpp">
      <Filter>Rendering</Filter>
    </ClCompile>
    <ClCompile Include="..\..\renderer3.cpp">
      <Filter>Rendering</Filter>
    </ClCompile>
    <ClCompile Include="..\..\game3.cpp" />
  </ItemGroup>
  <ItemGroup>
    <Filter Include="Glfw Utilities">
      <UniqueIdentifier>{afc1cc97-7a35-4d4b-8969-73c54d9bdb8a}</UniqueIdentifier>
    </Filter>
    <Filter Include="Glad">
      <UniqueIdentifier>{e3626774-826b-4350-8f5e-5eb4e04c0390}</UniqueIdentifier>
    </Filter>
    <Filter Include="Gl Utilities">
      <UniqueIdentifier>{83b7ab7a-7ef2-4e24-bee1-513529922f10}</UniqueIdentifier>
    </Filter>
    <Filter Include="Stb">
      <UniqueIdentifier>{f8e15c90-d18f-4198-ba76-a218b07f6323}</UniqueIdentifier>
    </Filter>
    <Filter Include="Rendering">
      <UniqueIdentifier>{4589b49b-6d2f-4cf1-bb21-0224ce69757b}</UniqueIdentifier>
    </Filter>
    <Filter Include="Ui">
      <UniqueIdentifier>{130ef901-d481-4ccf-836d-83d29dd1dd08}</UniqueIdentifier>
    </Filter>
    <Filter Include="Utilities">
      <UniqueIdentifier>{6be38c80-5e3f-4c4b-98b5-bef3f5c98975}</UniqueIdentifier>
    </Filter>
  </ItemGroup>
  <ItemGroup>
    <ClInclude Include="..\..\deps\stb\stb_image.h">
      <Filter>Stb</Filter>
    </ClInclude>
    <ClInclude Include="..\..\gll_types.h">
      <Filter>Gl Utilities</Filter>
    </ClInclude>
    <ClInclude Include="..\..\gll_object.h">
      <Filter>Gl Utilities</Filter>
    </ClInclude>
    <ClInclude Include="..\..\gll_data_format.h">
      <Filter>Gl Utilities</Filter>
    </ClInclude>
    <ClInclude Include="..\..\gll_buffer.h">
      <Filter>Gl Utilities</Filter>
    </ClInclude>
    <ClInclude Include="..\..\gll_shader.h">
      <Filter>Gl Utilities</Filter>
    </ClInclude>
    <ClInclude Include="..\..\gll_program.h">
      <Filter>Gl Utilities</Filter>
    </ClInclude>
    <ClInclude Include="..\..\gll_uniform.h">
      <Filter>Gl Utilities</Filter>
    </ClInclude>
    <ClInclude Include="..\..\gll_vertex_array.h">
      <Filter>Gl Utilities</Filter>
    </ClInclude>
    <ClInclude Include="..\..\glfwl_types.h">
      <Filter>Glfw Utilities</Filter>
    </ClInclude>
    <ClInclude Include="..\..\glfwl_lib.h">
      <Filter>Glfw Utilities</Filter>
    </ClInclude>
    <ClInclude Include="..\..\glfwl_window.h">
      <Filter>Glfw Utilities</Filter>
    </ClInclude>
    <ClInclude Include="..\..\gll_texture.h">
      <Filter>Gl Utilities</Filter>
    </ClInclude>
    <ClInclude Include="..\..\app_types.h" />
    <ClInclude Include="..\..\lap_clock.h">
      <Filter>Utilities</Filter>
    </ClInclude>
    <ClInclude Include="..\..\observed.h">
      <Filter>Utilities</Filter>
    </ClInclude>
    <ClInclude Include="..\..\camera_fps.h">
      <Filter>Rendering</Filter>
    </ClInclude>
    <ClInclude Include="..\..\app_window.h">
      <Filter>Ui</Filter>
    </ClInclude>
    <ClInclude Include="..\..\data.h">
      <Filter>Rendering</Filter>
    </ClInclude>
    <ClInclude Include="..\..\input.h">
      <Filter>Ui</Filter>
    </ClInclude>
    <ClInclude Include="..\..\input_controller.h">
      <Filter>Ui</Filter>
    </ClInclude>
    <ClInclude Include="..\..\frustum3.h">
      <Filter>Rendering</Filter>
    </ClInclude>
    <ClInclude Include="..\..\renderer3.h">
      <Filter>Rendering</Filter>
    </ClInclude>
    <ClInclude Include="..\..\game3.h" />
  </ItemGroup>
  <ItemGroup>
    <None Include="..\..\towers.vs" />
    <None Include="..\..\towers.fs" />
  </ItemGroup>
</Project>